Microsoft Visual Studio Solution File, Format Version 11.00
# Visual Studio 2008

Project("{6CC76572-5C02-F466-76DF-706FF5A1C6FB}") = "RTSD-Unity", "Assembly-CSharp.csproj", "{38116519-93FF-4ED6-B285-1FD3FD481D16}"
EndProject
Global
	GlobalSection(SolutionConfigurationPlatforms) = preSolution
		Debug|Any CPU = Debug|Any CPU
		Release|Any CPU = Release|Any CPU
	EndGlobalSection
	GlobalSection(ProjectConfigurationPlatforms) = postSolution
		{38116519-93FF-4ED6-B285-1FD3FD481D16}.Debug|Any CPU.ActiveCfg = Debug|Any CPU
		{38116519-93FF-4ED6-B285-1FD3FD481D16}.Debug|Any CPU.Build.0 = Debug|Any CPU
		{38116519-93FF-4ED6-B285-1FD3FD481D16}.Release|Any CPU.ActiveCfg = Release|Any CPU
		{38116519-93FF-4ED6-B285-1FD3FD481D16}.Release|Any CPU.Build.0 = Release|Any CPU
	EndGlobalSection
	GlobalSection(SolutionProperties) = preSolution
		HideSolutionNode = FALSE
	EndGlobalSection
	GlobalSection(MonoDevelopProperties) = preSolution
		StartupItem = Assembly-CSharp.csproj
	EndGlobalSection
EndGlobal
